
Microsoft Visual Studio Solution File, Format Version 12.00
# Visual Studio Version 17
VisualStudioVersion = 17.0.31903.59
MinimumVisualStudioVersion = 10.0.40219.1
Project("{2150E333-8FDC-42A3-9474-1A3956D46DE8}") = "src", "src", "{827E0CD3-B72D-47B6-A68D-7590B98EB39B}"
EndProject
Project("{2150E333-8FDC-42A3-9474-1A3956D46DE8}") = "BuildingBlocks", "BuildingBlocks", "{90298CBA-BD6F-3A0A-69D5-97CAD7B05E7E}"
EndProject
Project("{FAE04EC0-301F-11D3-BF4B-00C04F79EFBC}") = "Common", "src\BuildingBlocks\Common\Common.csproj", "{D2A60A4C-DB31-4DAB-A898-A216C7920EE3}"
EndProject
Project("{FAE04EC0-301F-11D3-BF4B-00C04F79EFBC}") = "EventBus.Contracts", "src\BuildingBlocks\EventBus.Contracts\EventBus.Contracts.csproj", "{0D6A1A0B-CE02-4FFA-81E5-B435046D7B38}"
EndProject
Project("{2150E333-8FDC-42A3-9474-1A3956D46DE8}") = "Services", "Services", "{984BB9B3-3FA3-BE33-9484-CAC21695A33C}"
EndProject
Project("{2150E333-8FDC-42A3-9474-1A3956D46DE8}") = "Catalog", "Catalog", "{C91C1CF1-1625-0789-F869-53D87D6277BA}"
EndProject
Project("{FAE04EC0-301F-11D3-BF4B-00C04F79EFBC}") = "Catalog.Api", "src\Services\Catalog\Catalog.Api\Catalog.Api.csproj", "{8621A690-C910-4045-A0F4-F11723EEB9C2}"
EndProject
Project("{FAE04EC0-301F-11D3-BF4B-00C04F79EFBC}") = "Catalog.Application", "src\Services\Catalog\Catalog.Application\Catalog.Application.csproj", "{9A2318F1-E688-475B-A23D-02B5622CBD5F}"
EndProject
Project("{FAE04EC0-301F-11D3-BF4B-00C04F79EFBC}") = "Catalog.Domain", "src\Services\Catalog\Catalog.Domain\Catalog.Domain.csproj", "{62B4EDC9-BDDF-42F4-8DA7-91C37CCF05EB}"
EndProject
Project("{FAE04EC0-301F-11D3-BF4B-00C04F79EFBC}") = "Catalog.Infrastructure", "src\Services\Catalog\Catalog.Infrastructure\Catalog.Infrastructure.csproj", "{D0F4FE01-B9D1-4F99-A6C5-25E7EE89F24D}"
EndProject
Project("{2150E333-8FDC-42A3-9474-1A3956D46DE8}") = "Inventory", "Inventory", "{CA15E31E-CB60-F235-5CDF-2E527A86A72C}"
EndProject
Project("{FAE04EC0-301F-11D3-BF4B-00C04F79EFBC}") = "Inventory.Api", "src\Services\Inventory\Inventory.Api\Inventory.Api.csproj", "{4A8CF5C0-DE61-4B99-BE4F-EC53B1656552}"
EndProject
Project("{FAE04EC0-301F-11D3-BF4B-00C04F79EFBC}") = "Inventory.Application", "src\Services\Inventory\Inventory.Application\Inventory.Application.csproj", "{E37A37AF-E20C-4164-BE49-2CB4179507FD}"
EndProject
Project("{FAE04EC0-301F-11D3-BF4B-00C04F79EFBC}") = "Inventory.Domain", "src\Services\Inventory\Inventory.Domain\Inventory.Domain.csproj", "{580CBC77-158C-4B14-BFCB-619F23DEFFBB}"
EndProject
Project("{FAE04EC0-301F-11D3-BF4B-00C04F79EFBC}") = "Inventory.Infrastructure", "src\Services\Inventory\Inventory.Infrastructure\Inventory.Infrastructure.csproj", "{D8CBBA30-0A06-4863-A564-01149E28479A}"
EndProject
Project("{2150E333-8FDC-42A3-9474-1A3956D46DE8}") = "Notifications", "Notifications", "{40B59F69-022F-A9EE-E3B7-096C1E81294B}"
EndProject
Project("{FAE04EC0-301F-11D3-BF4B-00C04F79EFBC}") = "Notifications.Worker", "src\Services\Notifications\Notifications.Worker\Notifications.Worker.csproj", "{FB6C0048-0DDE-4E25-9FC2-645C4091C7AA}"
EndProject
Project("{2150E333-8FDC-42A3-9474-1A3956D46DE8}") = "Ordering", "Ordering", "{D3BAB01C-7F3F-8576-96BE-8BE70C9B9915}"
EndProject
Project("{FAE04EC0-301F-11D3-BF4B-00C04F79EFBC}") = "Ordering.Api", "src\Services\Ordering\Ordering.Api\Ordering.Api.csproj", "{EFFCFCA0-424F-4A16-AA15-240CEBE88E5C}"
EndProject
Project("{FAE04EC0-301F-11D3-BF4B-00C04F79EFBC}") = "Ordering.Application", "src\Services\Ordering\Ordering.Application\Ordering.Application.csproj", "{09FE024F-7CC2-41CA-9BAD-9FB02DBB5006}"
EndProject
Project("{FAE04EC0-301F-11D3-BF4B-00C04F79EFBC}") = "Ordering.Domain", "src\Services\Ordering\Ordering.Domain\Ordering.Domain.csproj", "{604B175E-B0AB-4229-A2A6-5C4FDB7C3240}"
EndProject
Project("{FAE04EC0-301F-11D3-BF4B-00C04F79EFBC}") = "Ordering.Infrastructure", "src\Services\Ordering\Ordering.Infrastructure\Ordering.Infrastructure.csproj", "{0D35E1F8-F157-4503-B053-5C9708D063B7}"
EndProject
Project("{2150E333-8FDC-42A3-9474-1A3956D46DE8}") = "Payments", "Payments", "{5D0AC027-C8EE-3244-A029-36278C99F1B8}"
EndProject
Project("{FAE04EC0-301F-11D3-BF4B-00C04F79EFBC}") = "Payments.Api", "src\Services\Payments\Payments.Api\Payments.Api.csproj", "{8896A53E-01E8-4EA1-A5F3-1C1E363DD42B}"
EndProject
Project("{FAE04EC0-301F-11D3-BF4B-00C04F79EFBC}") = "Payments.Application", "src\Services\Payments\Payments.Application\Payments.Application.csproj", "{A0674090-3087-42FB-861E-DA60C2C6699E}"
EndProject
Project("{FAE04EC0-301F-11D3-BF4B-00C04F79EFBC}") = "Payments.Domain", "src\Services\Payments\Payments.Domain\Payments.Domain.csproj", "{C75E7C56-4FD0-49B1-A2BB-562EEB90C550}"
EndProject
Project("{FAE04EC0-301F-11D3-BF4B-00C04F79EFBC}") = "Payments.Infrastructure", "src\Services\Payments\Payments.Infrastructure\Payments.Infrastructure.csproj", "{9AE90943-8804-4F69-B716-FE376987462E}"
EndProject
Project("{2150E333-8FDC-42A3-9474-1A3956D46DE8}") = "Shipping", "Shipping", "{F17A7782-ECBD-508F-80BB-2B1954A6BA93}"
EndProject
Project("{FAE04EC0-301F-11D3-BF4B-00C04F79EFBC}") = "Shipping.Api", "src\Services\Shipping\Shipping.Api\Shipping.Api.csproj", "{A3C37F7A-69BF-4501-A37F-E9D02963227F}"
EndProject
Project("{FAE04EC0-301F-11D3-BF4B-00C04F79EFBC}") = "Shipping.Application", "src\Services\Shipping\Shipping.Application\Shipping.Application.csproj", "{76E06D9A-91A5-4F6B-854D-8F8D1460B41B}"
EndProject
Project("{FAE04EC0-301F-11D3-BF4B-00C04F79EFBC}") = "Shipping.Domain", "src\Services\Shipping\Shipping.Domain\Shipping.Domain.csproj", "{D40DDD1C-9DAF-4D18-8BB8-5C261790E42C}"
EndProject
Project("{FAE04EC0-301F-11D3-BF4B-00C04F79EFBC}") = "Shipping.Infrastructure", "src\Services\Shipping\Shipping.Infrastructure\Shipping.Infrastructure.csproj", "{ABEDFB7B-7510-4552-9903-7FA283D533EA}"
EndProject
Project("{2150E333-8FDC-42A3-9474-1A3956D46DE8}") = "Ordering", "Ordering", "{FAB2A6D2-3DE0-768B-8FC5-8CFB9338A7C7}"
EndProject
Project("{FAE04EC0-301F-11D3-BF4B-00C04F79EFBC}") = "Ordering.Domain.Tests", "src\Services\Ordering\Ordering.Domain.Tests\Ordering.Domain.Tests.csproj", "{365CC7C9-FBCA-41B0-87FF-1CDDE9A9E3DA}"
EndProject
Project("{2150E333-8FDC-42A3-9474-1A3956D46DE8}") = "Inventory", "Inventory", "{6B6A9D20-1EA0-9357-3B09-C6BC2B90364F}"
EndProject
Project("{FAE04EC0-301F-11D3-BF4B-00C04F79EFBC}") = "Inventory.Domain.Tests", "src\Services\Inventory\Inventory.Domain.Tests\Inventory.Domain.Tests.csproj", "{C3716129-6505-41C9-B6E4-6CB651F7B0DC}"
EndProject
Project("{2150E333-8FDC-42A3-9474-1A3956D46DE8}") = "Payments", "Payments", "{F2892F7D-49D2-0969-2635-C4CE9CCFB03E}"
EndProject
Project("{FAE04EC0-301F-11D3-BF4B-00C04F79EFBC}") = "Payments.Domain.Tests", "src\Services\Payments\Payments.Domain.Tests\Payments.Domain.Tests.csproj", "{72A94D88-9BEB-4CEC-8E80-F098B12209AC}"
EndProject
Project("{2150E333-8FDC-42A3-9474-1A3956D46DE8}") = "Shipping", "Shipping", "{59E94403-2D99-750A-1EA4-0C1FA3AC95B2}"
EndProject
Project("{FAE04EC0-301F-11D3-BF4B-00C04F79EFBC}") = "Shipping.Domain.Tests", "src\Services\Shipping\Shipping.Domain.Tests\Shipping.Domain.Tests.csproj", "{E81BFE65-9645-4DEE-B578-178CCA859897}"
EndProject
Project("{2150E333-8FDC-42A3-9474-1A3956D46DE8}") = "Catalog", "Catalog", "{50761A8C-3A0B-6B1B-86AD-17AC9E1B806D}"
EndProject
Project("{FAE04EC0-301F-11D3-BF4B-00C04F79EFBC}") = "Catalog.Domain.Tests", "src\Services\Catalog\Catalog.Domain.Tests\Catalog.Domain.Tests.csproj", "{E077B496-E39C-402F-B3E9-B9148A0F1130}"
EndProject
Global
	GlobalSection(SolutionConfigurationPlatforms) = preSolution
		Debug|Any CPU = Debug|Any CPU
		Debug|x64 = Debug|x64
		Debug|x86 = Debug|x86
		Release|Any CPU = Release|Any CPU
		Release|x64 = Release|x64
		Release|x86 = Release|x86
	EndGlobalSection
	GlobalSection(ProjectConfigurationPlatforms) = postSolution
		{D2A60A4C-DB31-4DAB-A898-A216C7920EE3}.Debug|Any CPU.ActiveCfg = Debug|Any CPU
		{D2A60A4C-DB31-4DAB-A898-A216C7920EE3}.Debug|Any CPU.Build.0 = Debug|Any CPU
		{D2A60A4C-DB31-4DAB-A898-A216C7920EE3}.Debug|x64.ActiveCfg = Debug|Any CPU
		{D2A60A4C-DB31-4DAB-A898-A216C7920EE3}.Debug|x64.Build.0 = Debug|Any CPU
		{D2A60A4C-DB31-4DAB-A898-A216C7920EE3}.Debug|x86.ActiveCfg = Debug|Any CPU
		{D2A60A4C-DB31-4DAB-A898-A216C7920EE3}.Debug|x86.Build.0 = Debug|Any CPU
		{D2A60A4C-DB31-4DAB-A898-A216C7920EE3}.Release|Any CPU.ActiveCfg = Release|Any CPU
		{D2A60A4C-DB31-4DAB-A898-A216C7920EE3}.Release|Any CPU.Build.0 = Release|Any CPU
		{D2A60A4C-DB31-4DAB-A898-A216C7920EE3}.Release|x64.ActiveCfg = Release|Any CPU
		{D2A60A4C-DB31-4DAB-A898-A216C7920EE3}.Release|x64.Build.0 = Release|Any CPU
		{D2A60A4C-DB31-4DAB-A898-A216C7920EE3}.Release|x86.ActiveCfg = Release|Any CPU
		{D2A60A4C-DB31-4DAB-A898-A216C7920EE3}.Release|x86.Build.0 = Release|Any CPU
		{0D6A1A0B-CE02-4FFA-81E5-B435046D7B38}.Debug|Any CPU.ActiveCfg = Debug|Any CPU
		{0D6A1A0B-CE02-4FFA-81E5-B435046D7B38}.Debug|Any CPU.Build.0 = Debug|Any CPU
		{0D6A1A0B-CE02-4FFA-81E5-B435046D7B38}.Debug|x64.ActiveCfg = Debug|Any CPU
		{0D6A1A0B-CE02-4FFA-81E5-B435046D7B38}.Debug|x64.Build.0 = Debug|Any CPU
		{0D6A1A0B-CE02-4FFA-81E5-B435046D7B38}.Debug|x86.ActiveCfg = Debug|Any CPU
		{0D6A1A0B-CE02-4FFA-81E5-B435046D7B38}.Debug|x86.Build.0 = Debug|Any CPU
		{0D6A1A0B-CE02-4FFA-81E5-B435046D7B38}.Release|Any CPU.ActiveCfg = Release|Any CPU
		{0D6A1A0B-CE02-4FFA-81E5-B435046D7B38}.Release|Any CPU.Build.0 = Release|Any CPU
		{0D6A1A0B-CE02-4FFA-81E5-B435046D7B38}.Release|x64.ActiveCfg = Release|Any CPU
		{0D6A1A0B-CE02-4FFA-81E5-B435046D7B38}.Release|x64.Build.0 = Release|Any CPU
		{0D6A1A0B-CE02-4FFA-81E5-B435046D7B38}.Release|x86.ActiveCfg = Release|Any CPU
		{0D6A1A0B-CE02-4FFA-81E5-B435046D7B38}.Release|x86.Build.0 = Release|Any CPU
		{8621A690-C910-4045-A0F4-F11723EEB9C2}.Debug|Any CPU.ActiveCfg = Debug|Any CPU
		{8621A690-C910-4045-A0F4-F11723EEB9C2}.Debug|Any CPU.Build.0 = Debug|Any CPU
		{8621A690-C910-4045-A0F4-F11723EEB9C2}.Debug|x64.ActiveCfg = Debug|Any CPU
		{8621A690-C910-4045-A0F4-F11723EEB9C2}.Debug|x64.Build.0 = Debug|Any CPU
		{8621A690-C910-4045-A0F4-F11723EEB9C2}.Debug|x86.ActiveCfg = Debug|Any CPU
		{8621A690-C910-4045-A0F4-F11723EEB9C2}.Debug|x86.Build.0 = Debug|Any CPU
		{8621A690-C910-4045-A0F4-F11723EEB9C2}.Release|Any CPU.ActiveCfg = Release|Any CPU
		{8621A690-C910-4045-A0F4-F11723EEB9C2}.Release|Any CPU.Build.0 = Release|Any CPU
		{8621A690-C910-4045-A0F4-F11723EEB9C2}.Release|x64.ActiveCfg = Release|Any CPU
		{8621A690-C910-4045-A0F4-F11723EEB9C2}.Release|x64.Build.0 = Release|Any CPU
		{8621A690-C910-4045-A0F4-F11723EEB9C2}.Release|x86.ActiveCfg = Release|Any CPU
		{8621A690-C910-4045-A0F4-F11723EEB9C2}.Release|x86.Build.0 = Release|Any CPU
		{9A2318F1-E688-475B-A23D-02B5622CBD5F}.Debug|Any CPU.ActiveCfg = Debug|Any CPU
		{9A2318F1-E688-475B-A23D-02B5622CBD5F}.Debug|Any CPU.Build.0 = Debug|Any CPU
		{9A2318F1-E688-475B-A23D-02B5622CBD5F}.Debug|x64.ActiveCfg = Debug|Any CPU
		{9A2318F1-E688-475B-A23D-02B5622CBD5F}.Debug|x64.Build.0 = Debug|Any CPU
		{9A2318F1-E688-475B-A23D-02B5622CBD5F}.Debug|x86.ActiveCfg = Debug|Any CPU
		{9A2318F1-E688-475B-A23D-02B5622CBD5F}.Debug|x86.Build.0 = Debug|Any CPU
		{9A2318F1-E688-475B-A23D-02B5622CBD5F}.Release|Any CPU.ActiveCfg = Release|Any CPU
		{9A2318F1-E688-475B-A23D-02B5622CBD5F}.Release|Any CPU.Build.0 = Release|Any CPU
		{9A2318F1-E688-475B-A23D-02B5622CBD5F}.Release|x64.ActiveCfg = Release|Any CPU
		{9A2318F1-E688-475B-A23D-02B5622CBD5F}.Release|x64.Build.0 = Release|Any CPU
		{9A2318F1-E688-475B-A23D-02B5622CBD5F}.Release|x86.ActiveCfg = Release|Any CPU
		{9A2318F1-E688-475B-A23D-02B5622CBD5F}.Release|x86.Build.0 = Release|Any CPU
		{62B4EDC9-BDDF-42F4-8DA7-91C37CCF05EB}.Debug|Any CPU.ActiveCfg = Debug|Any CPU
		{62B4EDC9-BDDF-42F4-8DA7-91C37CCF05EB}.Debug|Any CPU.Build.0 = Debug|Any CPU
		{62B4EDC9-BDDF-42F4-8DA7-91C37CCF05EB}.Debug|x64.ActiveCfg = Debug|Any CPU
		{62B4EDC9-BDDF-42F4-8DA7-91C37CCF05EB}.Debug|x64.Build.0 = Debug|Any CPU
		{62B4EDC9-BDDF-42F4-8DA7-91C37CCF05EB}.Debug|x86.ActiveCfg = Debug|Any CPU
		{62B4EDC9-BDDF-42F4-8DA7-91C37CCF05EB}.Debug|x86.Build.0 = Debug|Any CPU
		{62B4EDC9-BDDF-42F4-8DA7-91C37CCF05EB}.Release|Any CPU.ActiveCfg = Release|Any CPU
		{62B4EDC9-BDDF-42F4-8DA7-91C37CCF05EB}.Release|Any CPU.Build.0 = Release|Any CPU
		{62B4EDC9-BDDF-42F4-8DA7-91C37CCF05EB}.Release|x64.ActiveCfg = Release|Any CPU
		{62B4EDC9-BDDF-42F4-8DA7-91C37CCF05EB}.Release|x64.Build.0 = Release|Any CPU
		{62B4EDC9-BDDF-42F4-8DA7-91C37CCF05EB}.Release|x86.ActiveCfg = Release|Any CPU
		{62B4EDC9-BDDF-42F4-8DA7-91C37CCF05EB}.Release|x86.Build.0 = Release|Any CPU
		{D0F4FE01-B9D1-4F99-A6C5-25E7EE89F24D}.Debug|Any CPU.ActiveCfg = Debug|Any CPU
		{D0F4FE01-B9D1-4F99-A6C5-25E7EE89F24D}.Debug|Any CPU.Build.0 = Debug|Any CPU
		{D0F4FE01-B9D1-4F99-A6C5-25E7EE89F24D}.Debug|x64.ActiveCfg = Debug|Any CPU
		{D0F4FE01-B9D1-4F99-A6C5-25E7EE89F24D}.Debug|x64.Build.0 = Debug|Any CPU
		{D0F4FE01-B9D1-4F99-A6C5-25E7EE89F24D}.Debug|x86.ActiveCfg = Debug|Any CPU
		{D0F4FE01-B9D1-4F99-A6C5-25E7EE89F24D}.Debug|x86.Build.0 = Debug|Any CPU
		{D0F4FE01-B9D1-4F99-A6C5-25E7EE89F24D}.Release|Any CPU.ActiveCfg = Release|Any CPU
		{D0F4FE01-B9D1-4F99-A6C5-25E7EE89F24D}.Release|Any CPU.Build.0 = Release|Any CPU
		{D0F4FE01-B9D1-4F99-A6C5-25E7EE89F24D}.Release|x64.ActiveCfg = Release|Any CPU
		{D0F4FE01-B9D1-4F99-A6C5-25E7EE89F24D}.Release|x64.Build.0 = Release|Any CPU
		{D0F4FE01-B9D1-4F99-A6C5-25E7EE89F24D}.Release|x86.ActiveCfg = Release|Any CPU
		{D0F4FE01-B9D1-4F99-A6C5-25E7EE89F24D}.Release|x86.Build.0 = Release|Any CPU
		{4A8CF5C0-DE61-4B99-BE4F-EC53B1656552}.Debug|Any CPU.ActiveCfg = Debug|Any CPU
		{4A8CF5C0-DE61-4B99-BE4F-EC53B1656552}.Debug|Any CPU.Build.0 = Debug|Any CPU
		{4A8CF5C0-DE61-4B99-BE4F-EC53B1656552}.Debug|x64.ActiveCfg = Debug|Any CPU
		{4A8CF5C0-DE61-4B99-BE4F-EC53B1656552}.Debug|x64.Build.0 = Debug|Any CPU
		{4A8CF5C0-DE61-4B99-BE4F-EC53B1656552}.Debug|x86.ActiveCfg = Debug|Any CPU
		{4A8CF5C0-DE61-4B99-BE4F-EC53B1656552}.Debug|x86.Build.0 = Debug|Any CPU
		{4A8CF5C0-DE61-4B99-BE4F-EC53B1656552}.Release|Any CPU.ActiveCfg = Release|Any CPU
		{4A8CF5C0-DE61-4B99-BE4F-EC53B1656552}.Release|Any CPU.Build.0 = Release|Any CPU
		{4A8CF5C0-DE61-4B99-BE4F-EC53B1656552}.Release|x64.ActiveCfg = Release|Any CPU
		{4A8CF5C0-DE61-4B99-BE4F-EC53B1656552}.Release|x64.Build.0 = Release|Any CPU
		{4A8CF5C0-DE61-4B99-BE4F-EC53B1656552}.Release|x86.ActiveCfg = Release|Any CPU
		{4A8CF5C0-DE61-4B99-BE4F-EC53B1656552}.Release|x86.Build.0 = Release|Any CPU
		{E37A37AF-E20C-4164-BE49-2CB4179507FD}.Debug|Any CPU.ActiveCfg = Debug|Any CPU
		{E37A37AF-E20C-4164-BE49-2CB4179507FD}.Debug|Any CPU.Build.0 = Debug|Any CPU
		{E37A37AF-E20C-4164-BE49-2CB4179507FD}.Debug|x64.ActiveCfg = Debug|Any CPU
		{E37A37AF-E20C-4164-BE49-2CB4179507FD}.Debug|x64.Build.0 = Debug|Any CPU
		{E37A37AF-E20C-4164-BE49-2CB4179507FD}.Debug|x86.ActiveCfg = Debug|Any CPU
		{E37A37AF-E20C-4164-BE49-2CB4179507FD}.Debug|x86.Build.0 = Debug|Any CPU
		{E37A37AF-E20C-4164-BE49-2CB4179507FD}.Release|Any CPU.ActiveCfg = Release|Any CPU
		{E37A37AF-E20C-4164-BE49-2CB4179507FD}.Release|Any CPU.Build.0 = Release|Any CPU
		{E37A37AF-E20C-4164-BE49-2CB4179507FD}.Release|x64.ActiveCfg = Release|Any CPU
		{E37A37AF-E20C-4164-BE49-2CB4179507FD}.Release|x64.Build.0 = Release|Any CPU
		{E37A37AF-E20C-4164-BE49-2CB4179507FD}.Release|x86.ActiveCfg = Release|Any CPU
		{E37A37AF-E20C-4164-BE49-2CB4179507FD}.Release|x86.Build.0 = Release|Any CPU
		{580CBC77-158C-4B14-BFCB-619F23DEFFBB}.Debug|Any CPU.ActiveCfg = Debug|Any CPU
		{580CBC77-158C-4B14-BFCB-619F23DEFFBB}.Debug|Any CPU.Build.0 = Debug|Any CPU
		{580CBC77-158C-4B14-BFCB-619F23DEFFBB}.Debug|x64.ActiveCfg = Debug|Any CPU
		{580CBC77-158C-4B14-BFCB-619F23DEFFBB}.Debug|x64.Build.0 = Debug|Any CPU
		{580CBC77-158C-4B14-BFCB-619F23DEFFBB}.Debug|x86.ActiveCfg = Debug|Any CPU
		{580CBC77-158C-4B14-BFCB-619F23DEFFBB}.Debug|x86.Build.0 = Debug|Any CPU
		{580CBC77-158C-4B14-BFCB-619F23DEFFBB}.Release|Any CPU.ActiveCfg = Release|Any CPU
		{580CBC77-158C-4B14-BFCB-619F23DEFFBB}.Release|Any CPU.Build.0 = Release|Any CPU
		{580CBC77-158C-4B14-BFCB-619F23DEFFBB}.Release|x64.ActiveCfg = Release|Any CPU
		{580CBC77-158C-4B14-BFCB-619F23DEFFBB}.Release|x64.Build.0 = Release|Any CPU
		{580CBC77-158C-4B14-BFCB-619F23DEFFBB}.Release|x86.ActiveCfg = Release|Any CPU
		{580CBC77-158C-4B14-BFCB-619F23DEFFBB}.Release|x86.Build.0 = Release|Any CPU
		{D8CBBA30-0A06-4863-A564-01149E28479A}.Debug|Any CPU.ActiveCfg = Debug|Any CPU
		{D8CBBA30-0A06-4863-A564-01149E28479A}.Debug|Any CPU.Build.0 = Debug|Any CPU
		{D8CBBA30-0A06-4863-A564-01149E28479A}.Debug|x64.ActiveCfg = Debug|Any CPU
		{D8CBBA30-0A06-4863-A564-01149E28479A}.Debug|x64.Build.0 = Debug|Any CPU
		{D8CBBA30-0A06-4863-A564-01149E28479A}.Debug|x86.ActiveCfg = Debug|Any CPU
		{D8CBBA30-0A06-4863-A564-01149E28479A}.Debug|x86.Build.0 = Debug|Any CPU
		{D8CBBA30-0A06-4863-A564-01149E28479A}.Release|Any CPU.ActiveCfg = Release|Any CPU
		{D8CBBA30-0A06-4863-A564-01149E28479A}.Release|Any CPU.Build.0 = Release|Any CPU
		{D8CBBA30-0A06-4863-A564-01149E28479A}.Release|x64.ActiveCfg = Release|Any CPU
		{D8CBBA30-0A06-4863-A564-01149E28479A}.Release|x64.Build.0 = Release|Any CPU
		{D8CBBA30-0A06-4863-A564-01149E28479A}.Release|x86.ActiveCfg = Release|Any CPU
		{D8CBBA30-0A06-4863-A564-01149E28479A}.Release|x86.Build.0 = Release|Any CPU
		{FB6C0048-0DDE-4E25-9FC2-645C4091C7AA}.Debug|Any CPU.ActiveCfg = Debug|Any CPU
		{FB6C0048-0DDE-4E25-9FC2-645C4091C7AA}.Debug|Any CPU.Build.0 = Debug|Any CPU
		{FB6C0048-0DDE-4E25-9FC2-645C4091C7AA}.Debug|x64.ActiveCfg = Debug|Any CPU
		{FB6C0048-0DDE-4E25-9FC2-645C4091C7AA}.Debug|x64.Build.0 = Debug|Any CPU
		{FB6C0048-0DDE-4E25-9FC2-645C4091C7AA}.Debug|x86.ActiveCfg = Debug|Any CPU
		{FB6C0048-0DDE-4E25-9FC2-645C4091C7AA}.Debug|x86.Build.0 = Debug|Any CPU
		{FB6C0048-0DDE-4E25-9FC2-645C4091C7AA}.Release|Any CPU.ActiveCfg = Release|Any CPU
		{FB6C0048-0DDE-4E25-9FC2-645C4091C7AA}.Release|Any CPU.Build.0 = Release|Any CPU
		{FB6C0048-0DDE-4E25-9FC2-645C4091C7AA}.Release|x64.ActiveCfg = Release|Any CPU
		{FB6C0048-0DDE-4E25-9FC2-645C4091C7AA}.Release|x64.Build.0 = Release|Any CPU
		{FB6C0048-0DDE-4E25-9FC2-645C4091C7AA}.Release|x86.ActiveCfg = Release|Any CPU
		{FB6C0048-0DDE-4E25-9FC2-645C4091C7AA}.Release|x86.Build.0 = Release|Any CPU
		{EFFCFCA0-424F-4A16-AA15-240CEBE88E5C}.Debug|Any CPU.ActiveCfg = Debug|Any CPU
		{EFFCFCA0-424F-4A16-AA15-240CEBE88E5C}.Debug|Any CPU.Build.0 = Debug|Any CPU
		{EFFCFCA0-424F-4A16-AA15-240CEBE88E5C}.Debug|x64.ActiveCfg = Debug|Any CPU
		{EFFCFCA0-424F-4A16-AA15-240CEBE88E5C}.Debug|x64.Build.0 = Debug|Any CPU
		{EFFCFCA0-424F-4A16-AA15-240CEBE88E5C}.Debug|x86.ActiveCfg = Debug|Any CPU
		{EFFCFCA0-424F-4A16-AA15-240CEBE88E5C}.Debug|x86.Build.0 = Debug|Any CPU
		{EFFCFCA0-424F-4A16-AA15-240CEBE88E5C}.Release|Any CPU.ActiveCfg = Release|Any CPU
		{EFFCFCA0-424F-4A16-AA15-240CEBE88E5C}.Release|Any CPU.Build.0 = Release|Any CPU
		{EFFCFCA0-424F-4A16-AA15-240CEBE88E5C}.Release|x64.ActiveCfg = Release|Any CPU
		{EFFCFCA0-424F-4A16-AA15-240CEBE88E5C}.Release|x64.Build.0 = Release|Any CPU
		{EFFCFCA0-424F-4A16-AA15-240CEBE88E5C}.Release|x86.ActiveCfg = Release|Any CPU
		{EFFCFCA0-424F-4A16-AA15-240CEBE88E5C}.Release|x86.Build.0 = Release|Any CPU
		{09FE024F-7CC2-41CA-9BAD-9FB02DBB5006}.Debug|Any CPU.ActiveCfg = Debug|Any CPU
		{09FE024F-7CC2-41CA-9BAD-9FB02DBB5006}.Debug|Any CPU.Build.0 = Debug|Any CPU
		{09FE024F-7CC2-41CA-9BAD-9FB02DBB5006}.Debug|x64.ActiveCfg = Debug|Any CPU
		{09FE024F-7CC2-41CA-9BAD-9FB02DBB5006}.Debug|x64.Build.0 = Debug|Any CPU
		{09FE024F-7CC2-41CA-9BAD-9FB02DBB5006}.Debug|x86.ActiveCfg = Debug|Any CPU
		{09FE024F-7CC2-41CA-9BAD-9FB02DBB5006}.Debug|x86.Build.0 = Debug|Any CPU
		{09FE024F-7CC2-41CA-9BAD-9FB02DBB5006}.Release|Any CPU.ActiveCfg = Release|Any CPU
		{09FE024F-7CC2-41CA-9BAD-9FB02DBB5006}.Release|Any CPU.Build.0 = Release|Any CPU
		{09FE024F-7CC2-41CA-9BAD-9FB02DBB5006}.Release|x64.ActiveCfg = Release|Any CPU
		{09FE024F-7CC2-41CA-9BAD-9FB02DBB5006}.Release|x64.Build.0 = Release|Any CPU
		{09FE024F-7CC2-41CA-9BAD-9FB02DBB5006}.Release|x86.ActiveCfg = Release|Any CPU
		{09FE024F-7CC2-41CA-9BAD-9FB02DBB5006}.Release|x86.Build.0 = Release|Any CPU
		{604B175E-B0AB-4229-A2A6-5C4FDB7C3240}.Debug|Any CPU.ActiveCfg = Debug|Any CPU
		{604B175E-B0AB-4229-A2A6-5C4FDB7C3240}.Debug|Any CPU.Build.0 = Debug|Any CPU
		{604B175E-B0AB-4229-A2A6-5C4FDB7C3240}.Debug|x64.ActiveCfg = Debug|Any CPU
		{604B175E-B0AB-4229-A2A6-5C4FDB7C3240}.Debug|x64.Build.0 = Debug|Any CPU
		{604B175E-B0AB-4229-A2A6-5C4FDB7C3240}.Debug|x86.ActiveCfg = Debug|Any CPU
		{604B175E-B0AB-4229-A2A6-5C4FDB7C3240}.Debug|x86.Build.0 = Debug|Any CPU
		{604B175E-B0AB-4229-A2A6-5C4FDB7C3240}.Release|Any CPU.ActiveCfg = Release|Any CPU
		{604B175E-B0AB-4229-A2A6-5C4FDB7C3240}.Release|Any CPU.Build.0 = Release|Any CPU
		{604B175E-B0AB-4229-A2A6-5C4FDB7C3240}.Release|x64.ActiveCfg = Release|Any CPU
		{604B175E-B0AB-4229-A2A6-5C4FDB7C3240}.Release|x64.Build.0 = Release|Any CPU
		{604B175E-B0AB-4229-A2A6-5C4FDB7C3240}.Release|x86.ActiveCfg = Release|Any CPU
		{604B175E-B0AB-4229-A2A6-5C4FDB7C3240}.Release|x86.Build.0 = Release|Any CPU
		{0D35E1F8-F157-4503-B053-5C9708D063B7}.Debug|Any CPU.ActiveCfg = Debug|Any CPU
		{0D35E1F8-F157-4503-B053-5C9708D063B7}.Debug|Any CPU.Build.0 = Debug|Any CPU
		{0D35E1F8-F157-4503-B053-5C9708D063B7}.Debug|x64.ActiveCfg = Debug|Any CPU
		{0D35E1F8-F157-4503-B053-5C9708D063B7}.Debug|x64.Build.0 = Debug|Any CPU
		{0D35E1F8-F157-4503-B053-5C9708D063B7}.Debug|x86.ActiveCfg = Debug|Any CPU
		{0D35E1F8-F157-4503-B053-5C9708D063B7}.Debug|x86.Build.0 = Debug|Any CPU
		{0D35E1F8-F157-4503-B053-5C9708D063B7}.Release|Any CPU.ActiveCfg = Release|Any CPU
		{0D35E1F8-F157-4503-B053-5C9708D063B7}.Release|Any CPU.Build.0 = Release|Any CPU
		{0D35E1F8-F157-4503-B053-5C9708D063B7}.Release|x64.ActiveCfg = Release|Any CPU
		{0D35E1F8-F157-4503-B053-5C9708D063B7}.Release|x64.Build.0 = Release|Any CPU
		{0D35E1F8-F157-4503-B053-5C9708D063B7}.Release|x86.ActiveCfg = Release|Any CPU
		{0D35E1F8-F157-4503-B053-5C9708D063B7}.Release|x86.Build.0 = Release|Any CPU
		{8896A53E-01E8-4EA1-A5F3-1C1E363DD42B}.Debug|Any CPU.ActiveCfg = Debug|Any CPU
		{8896A53E-01E8-4EA1-A5F3-1C1E363DD42B}.Debug|Any CPU.Build.0 = Debug|Any CPU
		{8896A53E-01E8-4EA1-A5F3-1C1E363DD42B}.Debug|x64.ActiveCfg = Debug|Any CPU
		{8896A53E-01E8-4EA1-A5F3-1C1E363DD42B}.Debug|x64.Build.0 = Debug|Any CPU
		{8896A53E-01E8-4EA1-A5F3-1C1E363DD42B}.Debug|x86.ActiveCfg = Debug|Any CPU
		{8896A53E-01E8-4EA1-A5F3-1C1E363DD42B}.Debug|x86.Build.0 = Debug|Any CPU
		{8896A53E-01E8-4EA1-A5F3-1C1E363DD42B}.Release|Any CPU.ActiveCfg = Release|Any CPU
		{8896A53E-01E8-4EA1-A5F3-1C1E363DD42B}.Release|Any CPU.Build.0 = Release|Any CPU
		{8896A53E-01E8-4EA1-A5F3-1C1E363DD42B}.Release|x64.ActiveCfg = Release|Any CPU
		{8896A53E-01E8-4EA1-A5F3-1C1E363DD42B}.Release|x64.Build.0 = Release|Any CPU
		{8896A53E-01E8-4EA1-A5F3-1C1E363DD42B}.Release|x86.ActiveCfg = Release|Any CPU
		{8896A53E-01E8-4EA1-A5F3-1C1E363DD42B}.Release|x86.Build.0 = Release|Any CPU
		{A0674090-3087-42FB-861E-DA60C2C6699E}.Debug|Any CPU.ActiveCfg = Debug|Any CPU
		{A0674090-3087-42FB-861E-DA60C2C6699E}.Debug|Any CPU.Build.0 = Debug|Any CPU
		{A0674090-3087-42FB-861E-DA60C2C6699E}.Debug|x64.ActiveCfg = Debug|Any CPU
		{A0674090-3087-42FB-861E-DA60C2C6699E}.Debug|x64.Build.0 = Debug|Any CPU
		{A0674090-3087-42FB-861E-DA60C2C6699E}.Debug|x86.ActiveCfg = Debug|Any CPU
		{A0674090-3087-42FB-861E-DA60C2C6699E}.Debug|x86.Build.0 = Debug|Any CPU
		{A0674090-3087-42FB-861E-DA60C2C6699E}.Release|Any CPU.ActiveCfg = Release|Any CPU
		{A0674090-3087-42FB-861E-DA60C2C6699E}.Release|Any CPU.Build.0 = Release|Any CPU
		{A0674090-3087-42FB-861E-DA60C2C6699E}.Release|x64.ActiveCfg = Release|Any CPU
		{A0674090-3087-42FB-861E-DA60C2C6699E}.Release|x64.Build.0 = Release|Any CPU
		{A0674090-3087-42FB-861E-DA60C2C6699E}.Release|x86.ActiveCfg = Release|Any CPU
		{A0674090-3087-42FB-861E-DA60C2C6699E}.Release|x86.Build.0 = Release|Any CPU
		{C75E7C56-4FD0-49B1-A2BB-562EEB90C550}.Debug|Any CPU.ActiveCfg = Debug|Any CPU
		{C75E7C56-4FD0-49B1-A2BB-562EEB90C550}.Debug|Any CPU.Build.0 = Debug|Any CPU
		{C75E7C56-4FD0-49B1-A2BB-562EEB90C550}.Debug|x64.ActiveCfg = Debug|Any CPU
		{C75E7C56-4FD0-49B1-A2BB-562EEB90C550}.Debug|x64.Build.0 = Debug|Any CPU
		{C75E7C56-4FD0-49B1-A2BB-562EEB90C550}.Debug|x86.ActiveCfg = Debug|Any CPU
		{C75E7C56-4FD0-49B1-A2BB-562EEB90C550}.Debug|x86.Build.0 = Debug|Any CPU
		{C75E7C56-4FD0-49B1-A2BB-562EEB90C550}.Release|Any CPU.ActiveCfg = Release|Any CPU
		{C75E7C56-4FD0-49B1-A2BB-562EEB90C550}.Release|Any CPU.Build.0 = Release|Any CPU
		{C75E7C56-4FD0-49B1-A2BB-562EEB90C550}.Release|x64.ActiveCfg = Release|Any CPU
		{C75E7C56-4FD0-49B1-A2BB-562EEB90C550}.Release|x64.Build.0 = Release|Any CPU
		{C75E7C56-4FD0-49B1-A2BB-562EEB90C550}.Release|x86.ActiveCfg = Release|Any CPU
		{C75E7C56-4FD0-49B1-A2BB-562EEB90C550}.Release|x86.Build.0 = Release|Any CPU
		{9AE90943-8804-4F69-B716-FE376987462E}.Debug|Any CPU.ActiveCfg = Debug|Any CPU
		{9AE90943-8804-4F69-B716-FE376987462E}.Debug|Any CPU.Build.0 = Debug|Any CPU
		{9AE90943-8804-4F69-B716-FE376987462E}.Debug|x64.ActiveCfg = Debug|Any CPU
		{9AE90943-8804-4F69-B716-FE376987462E}.Debug|x64.Build.0 = Debug|Any CPU
		{9AE90943-8804-4F69-B716-FE376987462E}.Debug|x86.ActiveCfg = Debug|Any CPU
		{9AE90943-8804-4F69-B716-FE376987462E}.Debug|x86.Build.0 = Debug|Any CPU
		{9AE90943-8804-4F69-B716-FE376987462E}.Release|Any CPU.ActiveCfg = Release|Any CPU
		{9AE90943-8804-4F69-B716-FE376987462E}.Release|Any CPU.Build.0 = Release|Any CPU
		{9AE90943-8804-4F69-B716-FE376987462E}.Release|x64.ActiveCfg = Release|Any CPU
		{9AE90943-8804-4F69-B716-FE376987462E}.Release|x64.Build.0 = Release|Any CPU
		{9AE90943-8804-4F69-B716-FE376987462E}.Release|x86.ActiveCfg = Release|Any CPU
		{9AE90943-8804-4F69-B716-FE376987462E}.Release|x86.Build.0 = Release|Any CPU
		{A3C37F7A-69BF-4501-A37F-E9D02963227F}.Debug|Any CPU.ActiveCfg = Debug|Any CPU
		{A3C37F7A-69BF-4501-A37F-E9D02963227F}.Debug|Any CPU.Build.0 = Debug|Any CPU
		{A3C37F7A-69BF-4501-A37F-E9D02963227F}.Debug|x64.ActiveCfg = Debug|Any CPU
		{A3C37F7A-69BF-4501-A37F-E9D02963227F}.Debug|x64.Build.0 = Debug|Any CPU
		{A3C37F7A-69BF-4501-A37F-E9D02963227F}.Debug|x86.ActiveCfg = Debug|Any CPU
		{A3C37F7A-69BF-4501-A37F-E9D02963227F}.Debug|x86.Build.0 = Debug|Any CPU
		{A3C37F7A-69BF-4501-A37F-E9D02963227F}.Release|Any CPU.ActiveCfg = Release|Any CPU
		{A3C37F7A-69BF-4501-A37F-E9D02963227F}.Release|Any CPU.Build.0 = Release|Any CPU
		{A3C37F7A-69BF-4501-A37F-E9D02963227F}.Release|x64.ActiveCfg = Release|Any CPU
		{A3C37F7A-69BF-4501-A37F-E9D02963227F}.Release|x64.Build.0 = Release|Any CPU
		{A3C37F7A-69BF-4501-A37F-E9D02963227F}.Release|x86.ActiveCfg = Release|Any CPU
		{A3C37F7A-69BF-4501-A37F-E9D02963227F}.Release|x86.Build.0 = Release|Any CPU
		{76E06D9A-91A5-4F6B-854D-8F8D1460B41B}.Debug|Any CPU.ActiveCfg = Debug|Any CPU
		{76E06D9A-91A5-4F6B-854D-8F8D1460B41B}.Debug|Any CPU.Build.0 = Debug|Any CPU
		{76E06D9A-91A5-4F6B-854D-8F8D1460B41B}.Debug|x64.ActiveCfg = Debug|Any CPU
		{76E06D9A-91A5-4F6B-854D-8F8D1460B41B}.Debug|x64.Build.0 = Debug|Any CPU
		{76E06D9A-91A5-4F6B-854D-8F8D1460B41B}.Debug|x86.ActiveCfg = Debug|Any CPU
		{76E06D9A-91A5-4F6B-854D-8F8D1460B41B}.Debug|x86.Build.0 = Debug|Any CPU
		{76E06D9A-91A5-4F6B-854D-8F8D1460B41B}.Release|Any CPU.ActiveCfg = Release|Any CPU
		{76E06D9A-91A5-4F6B-854D-8F8D1460B41B}.Release|Any CPU.Build.0 = Release|Any CPU
		{76E06D9A-91A5-4F6B-854D-8F8D1460B41B}.Release|x64.ActiveCfg = Release|Any CPU
		{76E06D9A-91A5-4F6B-854D-8F8D1460B41B}.Release|x64.Build.0 = Release|Any CPU
		{76E06D9A-91A5-4F6B-854D-8F8D1460B41B}.Release|x86.ActiveCfg = Release|Any CPU
		{76E06D9A-91A5-4F6B-854D-8F8D1460B41B}.Release|x86.Build.0 = Release|Any CPU
		{D40DDD1C-9DAF-4D18-8BB8-5C261790E42C}.Debug|Any CPU.ActiveCfg = Debug|Any CPU
		{D40DDD1C-9DAF-4D18-8BB8-5C261790E42C}.Debug|Any CPU.Build.0 = Debug|Any CPU
		{D40DDD1C-9DAF-4D18-8BB8-5C261790E42C}.Debug|x64.ActiveCfg = Debug|Any CPU
		{D40DDD1C-9DAF-4D18-8BB8-5C261790E42C}.Debug|x64.Build.0 = Debug|Any CPU
		{D40DDD1C-9DAF-4D18-8BB8-5C261790E42C}.Debug|x86.ActiveCfg = Debug|Any CPU
		{D40DDD1C-9DAF-4D18-8BB8-5C261790E42C}.Debug|x86.Build.0 = Debug|Any CPU
		{D40DDD1C-9DAF-4D18-8BB8-5C261790E42C}.Release|Any CPU.ActiveCfg = Release|Any CPU
		{D40DDD1C-9DAF-4D18-8BB8-5C261790E42C}.Release|Any CPU.Build.0 = Release|Any CPU
		{D40DDD1C-9DAF-4D18-8BB8-5C261790E42C}.Release|x64.ActiveCfg = Release|Any CPU
		{D40DDD1C-9DAF-4D18-8BB8-5C261790E42C}.Release|x64.Build.0 = Release|Any CPU
		{D40DDD1C-9DAF-4D18-8BB8-5C261790E42C}.Release|x86.ActiveCfg = Release|Any CPU
		{D40DDD1C-9DAF-4D18-8BB8-5C261790E42C}.Release|x86.Build.0 = Release|Any CPU
		{ABEDFB7B-7510-4552-9903-7FA283D533EA}.Debug|Any CPU.ActiveCfg = Debug|Any CPU
		{ABEDFB7B-7510-4552-9903-7FA283D533EA}.Debug|Any CPU.Build.0 = Debug|Any CPU
		{ABEDFB7B-7510-4552-9903-7FA283D533EA}.Debug|x64.ActiveCfg = Debug|Any CPU
		{ABEDFB7B-7510-4552-9903-7FA283D533EA}.Debug|x64.Build.0 = Debug|Any CPU
		{ABEDFB7B-7510-4552-9903-7FA283D533EA}.Debug|x86.ActiveCfg = Debug|Any CPU
		{ABEDFB7B-7510-4552-9903-7FA283D533EA}.Debug|x86.Build.0 = Debug|Any CPU
		{ABEDFB7B-7510-4552-9903-7FA283D533EA}.Release|Any CPU.ActiveCfg = Release|Any CPU
		{ABEDFB7B-7510-4552-9903-7FA283D533EA}.Release|Any CPU.Build.0 = Release|Any CPU
		{ABEDFB7B-7510-4552-9903-7FA283D533EA}.Release|x64.ActiveCfg = Release|Any CPU
		{ABEDFB7B-7510-4552-9903-7FA283D533EA}.Release|x64.Build.0 = Release|Any CPU
		{ABEDFB7B-7510-4552-9903-7FA283D533EA}.Release|x86.ActiveCfg = Release|Any CPU
		{ABEDFB7B-7510-4552-9903-7FA283D533EA}.Release|x86.Build.0 = Release|Any CPU
		{365CC7C9-FBCA-41B0-87FF-1CDDE9A9E3DA}.Debug|Any CPU.ActiveCfg = Debug|Any CPU
		{365CC7C9-FBCA-41B0-87FF-1CDDE9A9E3DA}.Debug|Any CPU.Build.0 = Debug|Any CPU
		{365CC7C9-FBCA-41B0-87FF-1CDDE9A9E3DA}.Debug|x64.ActiveCfg = Debug|Any CPU
		{365CC7C9-FBCA-41B0-87FF-1CDDE9A9E3DA}.Debug|x64.Build.0 = Debug|Any CPU
		{365CC7C9-FBCA-41B0-87FF-1CDDE9A9E3DA}.Debug|x86.ActiveCfg = Debug|Any CPU
		{365CC7C9-FBCA-41B0-87FF-1CDDE9A9E3DA}.Debug|x86.Build.0 = Debug|Any CPU
		{365CC7C9-FBCA-41B0-87FF-1CDDE9A9E3DA}.Release|Any CPU.ActiveCfg = Release|Any CPU
		{365CC7C9-FBCA-41B0-87FF-1CDDE9A9E3DA}.Release|Any CPU.Build.0 = Release|Any CPU
		{365CC7C9-FBCA-41B0-87FF-1CDDE9A9E3DA}.Release|x64.ActiveCfg = Release|Any CPU
		{365CC7C9-FBCA-41B0-87FF-1CDDE9A9E3DA}.Release|x64.Build.0 = Release|Any CPU
		{365CC7C9-FBCA-41B0-87FF-1CDDE9A9E3DA}.Release|x86.ActiveCfg = Release|Any CPU
		{365CC7C9-FBCA-41B0-87FF-1CDDE9A9E3DA}.Release|x86.Build.0 = Release|Any CPU
		{C3716129-6505-41C9-B6E4-6CB651F7B0DC}.Debug|Any CPU.ActiveCfg = Debug|Any CPU
		{C3716129-6505-41C9-B6E4-6CB651F7B0DC}.Debug|Any CPU.Build.0 = Debug|Any CPU
		{C3716129-6505-41C9-B6E4-6CB651F7B0DC}.Debug|x64.ActiveCfg = Debug|Any CPU
		{C3716129-6505-41C9-B6E4-6CB651F7B0DC}.Debug|x64.Build.0 = Debug|Any CPU
		{C3716129-6505-41C9-B6E4-6CB651F7B0DC}.Debug|x86.ActiveCfg = Debug|Any CPU
		{C3716129-6505-41C9-B6E4-6CB651F7B0DC}.Debug|x86.Build.0 = Debug|Any CPU
		{C3716129-6505-41C9-B6E4-6CB651F7B0DC}.Release|Any CPU.ActiveCfg = Release|Any CPU
		{C3716129-6505-41C9-B6E4-6CB651F7B0DC}.Release|Any CPU.Build.0 = Release|Any CPU
		{C3716129-6505-41C9-B6E4-6CB651F7B0DC}.Release|x64.ActiveCfg = Release|Any CPU
		{C3716129-6505-41C9-B6E4-6CB651F7B0DC}.Release|x64.Build.0 = Release|Any CPU
		{C3716129-6505-41C9-B6E4-6CB651F7B0DC}.Release|x86.ActiveCfg = Release|Any CPU
		{C3716129-6505-41C9-B6E4-6CB651F7B0DC}.Release|x86.Build.0 = Release|Any CPU
		{72A94D88-9BEB-4CEC-8E80-F098B12209AC}.Debug|Any CPU.ActiveCfg = Debug|Any CPU
		{72A94D88-9BEB-4CEC-8E80-F098B12209AC}.Debug|Any CPU.Build.0 = Debug|Any CPU
		{72A94D88-9BEB-4CEC-8E80-F098B12209AC}.Debug|x64.ActiveCfg = Debug|Any CPU
		{72A94D88-9BEB-4CEC-8E80-F098B12209AC}.Debug|x64.Build.0 = Debug|Any CPU
		{72A94D88-9BEB-4CEC-8E80-F098B12209AC}.Debug|x86.ActiveCfg = Debug|Any CPU
		{72A94D88-9BEB-4CEC-8E80-F098B12209AC}.Debug|x86.Build.0 = Debug|Any CPU
		{72A94D88-9BEB-4CEC-8E80-F098B12209AC}.Release|Any CPU.ActiveCfg = Release|Any CPU
		{72A94D88-9BEB-4CEC-8E80-F098B12209AC}.Release|Any CPU.Build.0 = Release|Any CPU
		{72A94D88-9BEB-4CEC-8E80-F098B12209AC}.Release|x64.ActiveCfg = Release|Any CPU
		{72A94D88-9BEB-4CEC-8E80-F098B12209AC}.Release|x64.Build.0 = Release|Any CPU
		{72A94D88-9BEB-4CEC-8E80-F098B12209AC}.Release|x86.ActiveCfg = Release|Any CPU
		{72A94D88-9BEB-4CEC-8E80-F098B12209AC}.Release|x86.Build.0 = Release|Any CPU
		{E81BFE65-9645-4DEE-B578-178CCA859897}.Debug|Any CPU.ActiveCfg = Debug|Any CPU
		{E81BFE65-9645-4DEE-B578-178CCA859897}.Debug|Any CPU.Build.0 = Debug|Any CPU
		{E81BFE65-9645-4DEE-B578-178CCA859897}.Debug|x64.ActiveCfg = Debug|Any CPU
		{E81BFE65-9645-4DEE-B578-178CCA859897}.Debug|x64.Build.0 = Debug|Any CPU
		{E81BFE65-9645-4DEE-B578-178CCA859897}.Debug|x86.ActiveCfg = Debug|Any CPU
		{E81BFE65-9645-4DEE-B578-178CCA859897}.Debug|x86.Build.0 = Debug|Any CPU
		{E81BFE65-9645-4DEE-B578-178CCA859897}.Release|Any CPU.ActiveCfg = Release|Any CPU
		{E81BFE65-9645-4DEE-B578-178CCA859897}.Release|Any CPU.Build.0 = Release|Any CPU
		{E81BFE65-9645-4DEE-B578-178CCA859897}.Release|x64.ActiveCfg = Release|Any CPU
		{E81BFE65-9645-4DEE-B578-178CCA859897}.Release|x64.Build.0 = Release|Any CPU
		{E81BFE65-9645-4DEE-B578-178CCA859897}.Release|x86.ActiveCfg = Release|Any CPU
		{E81BFE65-9645-4DEE-B578-178CCA859897}.Release|x86.Build.0 = Release|Any CPU
		{E077B496-E39C-402F-B3E9-B9148A0F1130}.Debug|Any CPU.ActiveCfg = Debug|Any CPU
		{E077B496-E39C-402F-B3E9-B9148A0F1130}.Debug|Any CPU.Build.0 = Debug|Any CPU
		{E077B496-E39C-402F-B3E9-B9148A0F1130}.Debug|x64.ActiveCfg = Debug|Any CPU
		{E077B496-E39C-402F-B3E9-B9148A0F1130}.Debug|x64.Build.0 = Debug|Any CPU
		{E077B496-E39C-402F-B3E9-B9148A0F1130}.Debug|x86.ActiveCfg = Debug|Any CPU
		{E077B496-E39C-402F-B3E9-B9148A0F1130}.Debug|x86.Build.0 = Debug|Any CPU
		{E077B496-E39C-402F-B3E9-B9148A0F1130}.Release|Any CPU.ActiveCfg = Release|Any CPU
		{E077B496-E39C-402F-B3E9-B9148A0F1130}.Release|Any CPU.Build.0 = Release|Any CPU
		{E077B496-E39C-402F-B3E9-B9148A0F1130}.Release|x64.ActiveCfg = Release|Any CPU
		{E077B496-E39C-402F-B3E9-B9148A0F1130}.Release|x64.Build.0 = Release|Any CPU
		{E077B496-E39C-402F-B3E9-B9148A0F1130}.Release|x86.ActiveCfg = Release|Any CPU
		{E077B496-E39C-402F-B3E9-B9148A0F1130}.Release|x86.Build.0 = Release|Any CPU
	EndGlobalSection
	GlobalSection(SolutionProperties) = preSolution
		HideSolutionNode = FALSE
	EndGlobalSection
	GlobalSection(NestedProjects) = preSolution
		{90298CBA-BD6F-3A0A-69D5-97CAD7B05E7E} = {827E0CD3-B72D-47B6-A68D-7590B98EB39B}
		{D2A60A4C-DB31-4DAB-A898-A216C7920EE3} = {90298CBA-BD6F-3A0A-69D5-97CAD7B05E7E}
		{0D6A1A0B-CE02-4FFA-81E5-B435046D7B38} = {90298CBA-BD6F-3A0A-69D5-97CAD7B05E7E}
		{984BB9B3-3FA3-BE33-9484-CAC21695A33C} = {827E0CD3-B72D-47B6-A68D-7590B98EB39B}
		{C91C1CF1-1625-0789-F869-53D87D6277BA} = {984BB9B3-3FA3-BE33-9484-CAC21695A33C}
		{8621A690-C910-4045-A0F4-F11723EEB9C2} = {C91C1CF1-1625-0789-F869-53D87D6277BA}
		{9A2318F1-E688-475B-A23D-02B5622CBD5F} = {C91C1CF1-1625-0789-F869-53D87D6277BA}
		{62B4EDC9-BDDF-42F4-8DA7-91C37CCF05EB} = {C91C1CF1-1625-0789-F869-53D87D6277BA}
		{D0F4FE01-B9D1-4F99-A6C5-25E7EE89F24D} = {C91C1CF1-1625-0789-F869-53D87D6277BA}
		{CA15E31E-CB60-F235-5CDF-2E527A86A72C} = {984BB9B3-3FA3-BE33-9484-CAC21695A33C}
		{4A8CF5C0-DE61-4B99-BE4F-EC53B1656552} = {CA15E31E-CB60-F235-5CDF-2E527A86A72C}
		{E37A37AF-E20C-4164-BE49-2CB4179507FD} = {CA15E31E-CB60-F235-5CDF-2E527A86A72C}
		{580CBC77-158C-4B14-BFCB-619F23DEFFBB} = {CA15E31E-CB60-F235-5CDF-2E527A86A72C}
		{D8CBBA30-0A06-4863-A564-01149E28479A} = {CA15E31E-CB60-F235-5CDF-2E527A86A72C}
		{40B59F69-022F-A9EE-E3B7-096C1E81294B} = {984BB9B3-3FA3-BE33-9484-CAC21695A33C}
		{FB6C0048-0DDE-4E25-9FC2-645C4091C7AA} = {40B59F69-022F-A9EE-E3B7-096C1E81294B}
		{D3BAB01C-7F3F-8576-96BE-8BE70C9B9915} = {984BB9B3-3FA3-BE33-9484-CAC21695A33C}
		{EFFCFCA0-424F-4A16-AA15-240CEBE88E5C} = {D3BAB01C-7F3F-8576-96BE-8BE70C9B9915}
		{09FE024F-7CC2-41CA-9BAD-9FB02DBB5006} = {D3BAB01C-7F3F-8576-96BE-8BE70C9B9915}
		{604B175E-B0AB-4229-A2A6-5C4FDB7C3240} = {D3BAB01C-7F3F-8576-96BE-8BE70C9B9915}
		{0D35E1F8-F157-4503-B053-5C9708D063B7} = {D3BAB01C-7F3F-8576-96BE-8BE70C9B9915}
		{5D0AC027-C8EE-3244-A029-36278C99F1B8} = {984BB9B3-3FA3-BE33-9484-CAC21695A33C}
		{8896A53E-01E8-4EA1-A5F3-1C1E363DD42B} = {5D0AC027-C8EE-3244-A029-36278C99F1B8}
		{A0674090-3087-42FB-861E-DA60C2C6699E} = {5D0AC027-C8EE-3244-A029-36278C99F1B8}
		{C75E7C56-4FD0-49B1-A2BB-562EEB90C550} = {5D0AC027-C8EE-3244-A029-36278C99F1B8}
		{9AE90943-8804-4F69-B716-FE376987462E} = {5D0AC027-C8EE-3244-A029-36278C99F1B8}
		{F17A7782-ECBD-508F-80BB-2B1954A6BA93} = {984BB9B3-3FA3-BE33-9484-CAC21695A33C}
		{A3C37F7A-69BF-4501-A37F-E9D02963227F} = {F17A7782-ECBD-508F-80BB-2B1954A6BA93}
		{76E06D9A-91A5-4F6B-854D-8F8D1460B41B} = {F17A7782-ECBD-508F-80BB-2B1954A6BA93}
		{D40DDD1C-9DAF-4D18-8BB8-5C261790E42C} = {F17A7782-ECBD-508F-80BB-2B1954A6BA93}
		{ABEDFB7B-7510-4552-9903-7FA283D533EA} = {F17A7782-ECBD-508F-80BB-2B1954A6BA93}
		{365CC7C9-FBCA-41B0-87FF-1CDDE9A9E3DA} = {FAB2A6D2-3DE0-768B-8FC5-8CFB9338A7C7}
		{C3716129-6505-41C9-B6E4-6CB651F7B0DC} = {6B6A9D20-1EA0-9357-3B09-C6BC2B90364F}
		{72A94D88-9BEB-4CEC-8E80-F098B12209AC} = {F2892F7D-49D2-0969-2635-C4CE9CCFB03E}
		{E81BFE65-9645-4DEE-B578-178CCA859897} = {59E94403-2D99-750A-1EA4-0C1FA3AC95B2}
		{E077B496-E39C-402F-B3E9-B9148A0F1130} = {50761A8C-3A0B-6B1B-86AD-17AC9E1B806D}
	EndGlobalSection
EndGlobal
